
Microsoft Visual Studio Solution File, Format Version 12.00
# Visual Studio Version 17
VisualStudioVersion = 17.10.35013.160
MinimumVisualStudioVersion = 10.0.40219.1
Project("{FAE04EC0-301F-11D3-BF4B-00C04F79EFBC}") = "Product.API", "Product.API\Product.API.csproj", "{D0A6F4CE-6671-4EC6-9492-7C8D2DE6BDA9}"
EndProject
Project("{FAE04EC0-301F-11D3-BF4B-00C04F79EFBC}") = "Product.Core", "Product.Core\Product.Core.csproj", "{03E4D4C1-097E-4E9D-B83A-23E5020EC0D9}"
EndProject
Project("{FAE04EC0-301F-11D3-BF4B-00C04F79EFBC}") = "Product.Infrastructure", "Product.Infrastructure\Product.Infrastructure.csproj", "{18F9828B-A7BB-4681-901F-A7EFBB587659}"
EndProject
Global
	GlobalSection(SolutionConfigurationPlatforms) = preSolution
		Debug|Any CPU = Debug|Any CPU
		Release|Any CPU = Release|Any CPU
	EndGlobalSection
	GlobalSection(ProjectConfigurationPlatforms) = postSolution
		{D0A6F4CE-6671-4EC6-9492-7C8D2DE6BDA9}.Debug|Any CPU.ActiveCfg = Debug|Any CPU
		{D0A6F4CE-6671-4EC6-9492-7C8D2DE6BDA9}.Debug|Any CPU.Build.0 = Debug|Any CPU
		{D0A6F4CE-6671-4EC6-9492-7C8D2DE6BDA9}.Release|Any CPU.ActiveCfg = Release|Any CPU
		{D0A6F4CE-6671-4EC6-9492-7C8D2DE6BDA9}.Release|Any CPU.Build.0 = Release|Any CPU
		{03E4D4C1-097E-4E9D-B83A-23E5020EC0D9}.Debug|Any CPU.ActiveCfg = Debug|Any CPU
		{03E4D4C1-097E-4E9D-B83A-23E5020EC0D9}.Debug|Any CPU.Build.0 = Debug|Any CPU
		{03E4D4C1-097E-4E9D-B83A-23E5020EC0D9}.Release|Any CPU.ActiveCfg = Release|Any CPU
		{03E4D4C1-097E-4E9D-B83A-23E5020EC0D9}.Release|Any CPU.Build.0 = Release|Any CPU
		{18F9828B-A7BB-4681-901F-A7EFBB587659}.Debug|Any CPU.ActiveCfg = Debug|Any CPU
		{18F9828B-A7BB-4681-901F-A7EFBB587659}.Debug|Any CPU.Build.0 = Debug|Any CPU
		{18F9828B-A7BB-4681-901F-A7EFBB587659}.Release|Any CPU.ActiveCfg = Release|Any CPU
		{18F9828B-A7BB-4681-901F-A7EFBB587659}.Release|Any CPU.Build.0 = Release|Any CPU
	EndGlobalSection
	GlobalSection(SolutionProperties) = preSolution
		HideSolutionNode = FALSE
	EndGlobalSection
	GlobalSection(ExtensibilityGlobals) = postSolution
		SolutionGuid = {2D3F82B2-E4C4-4F3F-975A-0F0C632C236E}
	EndGlobalSection
EndGlobal
